
Microsoft Visual Studio Solution File, Format Version 12.00
# Visual Studio 15
VisualStudioVersion = 15.0.27130.2036
MinimumVisualStudioVersion = 10.0.40219.1
Project("{00D1A9C2-B5F0-4AF3-8072-F6C62B433612}") = "IMS.Database", "..\..\WebService\IMS.Database\IMS.Database.sqlproj", "{44E02788-1C47-4E81-81E7-D86ACDB8707D}"
EndProject
Project("{00D1A9C2-B5F0-4AF3-8072-F6C62B433612}") = "IMS.Trendigo.Database", "..\IMS.Trendigo.Database\IMS.Trendigo.Database.sqlproj", "{0CD65A63-B251-4210-AD0E-14CDBA66810D}"
EndProject
Project("{FAE04EC0-301F-11D3-BF4B-00C04F79EFBC}") = "IMS.Admin.Web.MVC", "..\..\Admin\IMS.Admin.Web.MVC\IMS.Admin.Web.MVC.csproj", "{684BCE26-188A-41BA-9E62-6C83D27D9CFC}"
EndProject
Project("{FAE04EC0-301F-11D3-BF4B-00C04F79EFBC}") = "IMS.Store.Service.WebAPI.Tests", "..\..\Tests\IMS.Store.Service.WebAPI.Tests\IMS.Store.Service.WebAPI.Tests.csproj", "{B6754380-D7AF-4C59-BDFD-06756CF5751A}"
EndProject
Project("{2150E333-8FDC-42A3-9474-1A3956D46DE8}") = "Tests", "Tests", "{B0B00EEB-1925-4080-A712-7343EAEECF63}"
EndProject
Project("{FAE04EC0-301F-11D3-BF4B-00C04F79EFBC}") = "ImageResizerRefresh", "ImageResizerRefresh\ImageResizerRefresh.csproj", "{B2451305-470E-468C-813B-882711E6C0D7}"
EndProject
Project("{FAE04EC0-301F-11D3-BF4B-00C04F79EFBC}") = "IMS.Console.PullTransaction", "..\..\Console\IMS.Console.PullTransaction\IMS.Console.PullTransaction.csproj", "{A85CF7F5-EA78-45F1-B995-4AA3C624BDFB}"
EndProject
Project("{FAE04EC0-301F-11D3-BF4B-00C04F79EFBC}") = "IMS.Console.TransferTransaction", "..\..\Console\IMS.Console.TransferTransaction\IMS.Console.TransferTransaction.csproj", "{7690B017-AE47-4F22-BA1C-A2DB60D520C5}"
EndProject
Project("{FAE04EC0-301F-11D3-BF4B-00C04F79EFBC}") = "IMS.Console.BankTransfert", "..\..\Console\IMS.Console.BankTransfert\IMS.Console.BankTransfert\IMS.Console.BankTransfert.csproj", "{1E4B0A49-B177-4C9A-B94C-5E48B7CE56AB}"
EndProject
Project("{FAE04EC0-301F-11D3-BF4B-00C04F79EFBC}") = "IMS.Service.PullTransaction", "IMS.Service.PullTransaction\IMS.Service.PullTransaction.csproj", "{E2640648-AB56-4741-A3C6-F4BDA1FD477A}"
EndProject
Project("{FAE04EC0-301F-11D3-BF4B-00C04F79EFBC}") = "IMS.Console.PointTracker", "..\..\Console\IMS.Console.PointTracker\IMS.Console.PointTracker.csproj", "{40245DEB-9E85-4CB6-8B84-702DA70F3545}"
EndProject
Project("{FAE04EC0-301F-11D3-BF4B-00C04F79EFBC}") = "IMS.Service.PointTracker", "IMS.Service.PointTracket\IMS.Service.PointTracker.csproj", "{328AFB9E-4B08-4735-BF42-C1621BB42C09}"
EndProject
Project("{FAE04EC0-301F-11D3-BF4B-00C04F79EFBC}") = "IMS.Service.TransferTransaction", "IMS.Service.TransferTransaction\IMS.Service.TransferTransaction.csproj", "{7F2E9FA8-81A9-44B6-9BFC-F89E30E3EC05}"
EndProject
Project("{FAE04EC0-301F-11D3-BF4B-00C04F79EFBC}") = "IMS.Utilities.SSH", "..\..\WebService\IMS.Utilities.SSH\IMS.Utilities.SSH.csproj", "{2F5F8C90-0BD1-424F-997C-7BC6280919D1}"
EndProject
Project("{FAE04EC0-301F-11D3-BF4B-00C04F79EFBC}") = "IMS.Service.BankTransfer", "IMS.Service.BankTransfer\IMS.Service.BankTransfer.csproj", "{567D0B1D-D1FD-44A3-910C-CF449E153C70}"
EndProject
Project("{FAE04EC0-301F-11D3-BF4B-00C04F79EFBC}") = "IMS.Console.CardEnrollment", "IMS.Console.CardEnrollment\IMS.Console.CardEnrollment.csproj", "{B1DF26EA-464C-49A6-B8C2-C927BB16D45E}"
EndProject
Project("{FAE04EC0-301F-11D3-BF4B-00C04F79EFBC}") = "IMS.Service.CardEnrollment", "IMS.Service.CardEnrollment\IMS.Service.CardEnrollment.csproj", "{1A3D150F-66BE-4415-B49E-5CD2BFDC84CA}"
EndProject
Project("{FAE04EC0-301F-11D3-BF4B-00C04F79EFBC}") = "IMS.Service.WebAPI2", "IMS.Service.WebAPI2\IMS.Service.WebAPI2.csproj", "{75E165FE-EB5E-4C08-9963-5DEC7847E4B2}"
EndProject
Project("{FAE04EC0-301F-11D3-BF4B-00C04F79EFBC}") = "IMS.Admin.Web.MVC2", "..\..\Admin\IMS.Admin.Web.MVC2\IMS.Admin.Web.MVC2.csproj", "{998B0658-A4E5-4793-9A45-A2F36F21442A}"
EndProject
Project("{FAE04EC0-301F-11D3-BF4B-00C04F79EFBC}") = "IMS.Admin.Web.Portal", "..\..\Admin\IMS.Admin.Web.Portal\IMS.Admin.Web.Portal.csproj", "{3769F329-2AA3-49F2-8D15-A6D9BD92622F}"
EndProject
Project("{FAE04EC0-301F-11D3-BF4B-00C04F79EFBC}") = "IMS.Common.Core", "IMS.Common.Core\IMS.Common.Core.csproj", "{BDAFAAD2-7527-48E8-BB75-9BF638516E10}"
EndProject
Project("{FAE04EC0-301F-11D3-BF4B-00C04F79EFBC}") = "IMS.Payment.PaymentAPI", "IMS.Payment.PaymentAPI\IMS.Payment.PaymentAPI.csproj", "{485F6640-D97A-4542-A567-82ADE5A3D004}"
EndProject
Project("{FAE04EC0-301F-11D3-BF4B-00C04F79EFBC}") = "IMS.Utilities.PaymentAPI", "IMS.Utilities.PaymentAPI\IMS.Utilities.PaymentAPI.csproj", "{DE6B5AB3-C189-42B6-B72E-658162FD0C62}"
EndProject
Global
	GlobalSection(SolutionConfigurationPlatforms) = preSolution
		Debug|Any CPU = Debug|Any CPU
		Debug-NOTRANSAX|Any CPU = Debug-NOTRANSAX|Any CPU
		Release|Any CPU = Release|Any CPU
	EndGlobalSection
	GlobalSection(ProjectConfigurationPlatforms) = postSolution
		{44E02788-1C47-4E81-81E7-D86ACDB8707D}.Debug|Any CPU.ActiveCfg = Debug|Any CPU
		{44E02788-1C47-4E81-81E7-D86ACDB8707D}.Debug|Any CPU.Build.0 = Debug|Any CPU
		{44E02788-1C47-4E81-81E7-D86ACDB8707D}.Debug|Any CPU.Deploy.0 = Debug|Any CPU
		{44E02788-1C47-4E81-81E7-D86ACDB8707D}.Debug-NOTRANSAX|Any CPU.ActiveCfg = Debug|Any CPU
		{44E02788-1C47-4E81-81E7-D86ACDB8707D}.Debug-NOTRANSAX|Any CPU.Build.0 = Debug|Any CPU
		{44E02788-1C47-4E81-81E7-D86ACDB8707D}.Debug-NOTRANSAX|Any CPU.Deploy.0 = Debug|Any CPU
		{44E02788-1C47-4E81-81E7-D86ACDB8707D}.Release|Any CPU.ActiveCfg = Release|Any CPU
		{44E02788-1C47-4E81-81E7-D86ACDB8707D}.Release|Any CPU.Build.0 = Release|Any CPU
		{44E02788-1C47-4E81-81E7-D86ACDB8707D}.Release|Any CPU.Deploy.0 = Release|Any CPU
		{0CD65A63-B251-4210-AD0E-14CDBA66810D}.Debug|Any CPU.ActiveCfg = Debug|Any CPU
		{0CD65A63-B251-4210-AD0E-14CDBA66810D}.Debug|Any CPU.Build.0 = Debug|Any CPU
		{0CD65A63-B251-4210-AD0E-14CDBA66810D}.Debug|Any CPU.Deploy.0 = Debug|Any CPU
		{0CD65A63-B251-4210-AD0E-14CDBA66810D}.Debug-NOTRANSAX|Any CPU.ActiveCfg = Debug|Any CPU
		{0CD65A63-B251-4210-AD0E-14CDBA66810D}.Debug-NOTRANSAX|Any CPU.Build.0 = Debug|Any CPU
		{0CD65A63-B251-4210-AD0E-14CDBA66810D}.Debug-NOTRANSAX|Any CPU.Deploy.0 = Debug|Any CPU
		{0CD65A63-B251-4210-AD0E-14CDBA66810D}.Release|Any CPU.ActiveCfg = Release|Any CPU
		{0CD65A63-B251-4210-AD0E-14CDBA66810D}.Release|Any CPU.Build.0 = Release|Any CPU
		{0CD65A63-B251-4210-AD0E-14CDBA66810D}.Release|Any CPU.Deploy.0 = Release|Any CPU
		{684BCE26-188A-41BA-9E62-6C83D27D9CFC}.Debug|Any CPU.ActiveCfg = Debug|Any CPU
		{684BCE26-188A-41BA-9E62-6C83D27D9CFC}.Debug|Any CPU.Build.0 = Debug|Any CPU
		{684BCE26-188A-41BA-9E62-6C83D27D9CFC}.Debug-NOTRANSAX|Any CPU.ActiveCfg = Debug-NOTRANSAX|Any CPU
		{684BCE26-188A-41BA-9E62-6C83D27D9CFC}.Debug-NOTRANSAX|Any CPU.Build.0 = Debug-NOTRANSAX|Any CPU
		{684BCE26-188A-41BA-9E62-6C83D27D9CFC}.Release|Any CPU.ActiveCfg = Release|Any CPU
		{684BCE26-188A-41BA-9E62-6C83D27D9CFC}.Release|Any CPU.Build.0 = Release|Any CPU
		{B6754380-D7AF-4C59-BDFD-06756CF5751A}.Debug|Any CPU.ActiveCfg = Debug|Any CPU
		{B6754380-D7AF-4C59-BDFD-06756CF5751A}.Debug|Any CPU.Build.0 = Debug|Any CPU
		{B6754380-D7AF-4C59-BDFD-06756CF5751A}.Debug-NOTRANSAX|Any CPU.ActiveCfg = Debug-NOTRANSAX|Any CPU
		{B6754380-D7AF-4C59-BDFD-06756CF5751A}.Debug-NOTRANSAX|Any CPU.Build.0 = Debug-NOTRANSAX|Any CPU
		{B6754380-D7AF-4C59-BDFD-06756CF5751A}.Release|Any CPU.ActiveCfg = Release|Any CPU
		{B6754380-D7AF-4C59-BDFD-06756CF5751A}.Release|Any CPU.Build.0 = Release|Any CPU
		{B2451305-470E-468C-813B-882711E6C0D7}.Debug|Any CPU.ActiveCfg = Debug|Any CPU
		{B2451305-470E-468C-813B-882711E6C0D7}.Debug|Any CPU.Build.0 = Debug|Any CPU
		{B2451305-470E-468C-813B-882711E6C0D7}.Debug-NOTRANSAX|Any CPU.ActiveCfg = Debug-NOTRANSAX|Any CPU
		{B2451305-470E-468C-813B-882711E6C0D7}.Debug-NOTRANSAX|Any CPU.Build.0 = Debug-NOTRANSAX|Any CPU
		{B2451305-470E-468C-813B-882711E6C0D7}.Release|Any CPU.ActiveCfg = Release|Any CPU
		{B2451305-470E-468C-813B-882711E6C0D7}.Release|Any CPU.Build.0 = Release|Any CPU
		{A85CF7F5-EA78-45F1-B995-4AA3C624BDFB}.Debug|Any CPU.ActiveCfg = Debug|Any CPU
		{A85CF7F5-EA78-45F1-B995-4AA3C624BDFB}.Debug|Any CPU.Build.0 = Debug|Any CPU
		{A85CF7F5-EA78-45F1-B995-4AA3C624BDFB}.Debug-NOTRANSAX|Any CPU.ActiveCfg = Debug|Any CPU
		{A85CF7F5-EA78-45F1-B995-4AA3C624BDFB}.Debug-NOTRANSAX|Any CPU.Build.0 = Debug|Any CPU
		{A85CF7F5-EA78-45F1-B995-4AA3C624BDFB}.Release|Any CPU.ActiveCfg = Release|Any CPU
		{A85CF7F5-EA78-45F1-B995-4AA3C624BDFB}.Release|Any CPU.Build.0 = Release|Any CPU
		{7690B017-AE47-4F22-BA1C-A2DB60D520C5}.Debug|Any CPU.ActiveCfg = Debug|Any CPU
		{7690B017-AE47-4F22-BA1C-A2DB60D520C5}.Debug|Any CPU.Build.0 = Debug|Any CPU
		{7690B017-AE47-4F22-BA1C-A2DB60D520C5}.Debug-NOTRANSAX|Any CPU.ActiveCfg = Debug|Any CPU
		{7690B017-AE47-4F22-BA1C-A2DB60D520C5}.Debug-NOTRANSAX|Any CPU.Build.0 = Debug|Any CPU
		{7690B017-AE47-4F22-BA1C-A2DB60D520C5}.Release|Any CPU.ActiveCfg = Release|Any CPU
		{7690B017-AE47-4F22-BA1C-A2DB60D520C5}.Release|Any CPU.Build.0 = Release|Any CPU
		{1E4B0A49-B177-4C9A-B94C-5E48B7CE56AB}.Debug|Any CPU.ActiveCfg = Debug|Any CPU
		{1E4B0A49-B177-4C9A-B94C-5E48B7CE56AB}.Debug|Any CPU.Build.0 = Debug|Any CPU
		{1E4B0A49-B177-4C9A-B94C-5E48B7CE56AB}.Debug-NOTRANSAX|Any CPU.ActiveCfg = Debug|Any CPU
		{1E4B0A49-B177-4C9A-B94C-5E48B7CE56AB}.Debug-NOTRANSAX|Any CPU.Build.0 = Debug|Any CPU
		{1E4B0A49-B177-4C9A-B94C-5E48B7CE56AB}.Release|Any CPU.ActiveCfg = Release|Any CPU
		{1E4B0A49-B177-4C9A-B94C-5E48B7CE56AB}.Release|Any CPU.Build.0 = Release|Any CPU
		{E2640648-AB56-4741-A3C6-F4BDA1FD477A}.Debug|Any CPU.ActiveCfg = Debug|Any CPU
		{E2640648-AB56-4741-A3C6-F4BDA1FD477A}.Debug|Any CPU.Build.0 = Debug|Any CPU
		{E2640648-AB56-4741-A3C6-F4BDA1FD477A}.Debug-NOTRANSAX|Any CPU.ActiveCfg = Debug|Any CPU
		{E2640648-AB56-4741-A3C6-F4BDA1FD477A}.Debug-NOTRANSAX|Any CPU.Build.0 = Debug|Any CPU
		{E2640648-AB56-4741-A3C6-F4BDA1FD477A}.Release|Any CPU.ActiveCfg = Release|Any CPU
		{E2640648-AB56-4741-A3C6-F4BDA1FD477A}.Release|Any CPU.Build.0 = Release|Any CPU
		{40245DEB-9E85-4CB6-8B84-702DA70F3545}.Debug|Any CPU.ActiveCfg = Debug|Any CPU
		{40245DEB-9E85-4CB6-8B84-702DA70F3545}.Debug|Any CPU.Build.0 = Debug|Any CPU
		{40245DEB-9E85-4CB6-8B84-702DA70F3545}.Debug-NOTRANSAX|Any CPU.ActiveCfg = Debug|Any CPU
		{40245DEB-9E85-4CB6-8B84-702DA70F3545}.Debug-NOTRANSAX|Any CPU.Build.0 = Debug|Any CPU
		{40245DEB-9E85-4CB6-8B84-702DA70F3545}.Release|Any CPU.ActiveCfg = Release|Any CPU
		{40245DEB-9E85-4CB6-8B84-702DA70F3545}.Release|Any CPU.Build.0 = Release|Any CPU
		{328AFB9E-4B08-4735-BF42-C1621BB42C09}.Debug|Any CPU.ActiveCfg = Debug|Any CPU
		{328AFB9E-4B08-4735-BF42-C1621BB42C09}.Debug|Any CPU.Build.0 = Debug|Any CPU
		{328AFB9E-4B08-4735-BF42-C1621BB42C09}.Debug-NOTRANSAX|Any CPU.ActiveCfg = Debug|Any CPU
		{328AFB9E-4B08-4735-BF42-C1621BB42C09}.Debug-NOTRANSAX|Any CPU.Build.0 = Debug|Any CPU
		{328AFB9E-4B08-4735-BF42-C1621BB42C09}.Release|Any CPU.ActiveCfg = Release|Any CPU
		{328AFB9E-4B08-4735-BF42-C1621BB42C09}.Release|Any CPU.Build.0 = Release|Any CPU
		{7F2E9FA8-81A9-44B6-9BFC-F89E30E3EC05}.Debug|Any CPU.ActiveCfg = Debug|Any CPU
		{7F2E9FA8-81A9-44B6-9BFC-F89E30E3EC05}.Debug|Any CPU.Build.0 = Debug|Any CPU
		{7F2E9FA8-81A9-44B6-9BFC-F89E30E3EC05}.Debug-NOTRANSAX|Any CPU.ActiveCfg = Debug|Any CPU
		{7F2E9FA8-81A9-44B6-9BFC-F89E30E3EC05}.Debug-NOTRANSAX|Any CPU.Build.0 = Debug|Any CPU
		{7F2E9FA8-81A9-44B6-9BFC-F89E30E3EC05}.Release|Any CPU.ActiveCfg = Release|Any CPU
		{7F2E9FA8-81A9-44B6-9BFC-F89E30E3EC05}.Release|Any CPU.Build.0 = Release|Any CPU
		{2F5F8C90-0BD1-424F-997C-7BC6280919D1}.Debug|Any CPU.ActiveCfg = Debug|Any CPU
		{2F5F8C90-0BD1-424F-997C-7BC6280919D1}.Debug|Any CPU.Build.0 = Debug|Any CPU
		{2F5F8C90-0BD1-424F-997C-7BC6280919D1}.Debug-NOTRANSAX|Any CPU.ActiveCfg = Debug|Any CPU
		{2F5F8C90-0BD1-424F-997C-7BC6280919D1}.Debug-NOTRANSAX|Any CPU.Build.0 = Debug|Any CPU
		{2F5F8C90-0BD1-424F-997C-7BC6280919D1}.Release|Any CPU.ActiveCfg = Release|Any CPU
		{2F5F8C90-0BD1-424F-997C-7BC6280919D1}.Release|Any CPU.Build.0 = Release|Any CPU
		{567D0B1D-D1FD-44A3-910C-CF449E153C70}.Debug|Any CPU.ActiveCfg = Debug|Any CPU
		{567D0B1D-D1FD-44A3-910C-CF449E153C70}.Debug|Any CPU.Build.0 = Debug|Any CPU
		{567D0B1D-D1FD-44A3-910C-CF449E153C70}.Debug-NOTRANSAX|Any CPU.ActiveCfg = Debug|Any CPU
		{567D0B1D-D1FD-44A3-910C-CF449E153C70}.Debug-NOTRANSAX|Any CPU.Build.0 = Debug|Any CPU
		{567D0B1D-D1FD-44A3-910C-CF449E153C70}.Release|Any CPU.ActiveCfg = Release|Any CPU
		{567D0B1D-D1FD-44A3-910C-CF449E153C70}.Release|Any CPU.Build.0 = Release|Any CPU
		{B1DF26EA-464C-49A6-B8C2-C927BB16D45E}.Debug|Any CPU.ActiveCfg = Debug|Any CPU
		{B1DF26EA-464C-49A6-B8C2-C927BB16D45E}.Debug|Any CPU.Build.0 = Debug|Any CPU
		{B1DF26EA-464C-49A6-B8C2-C927BB16D45E}.Debug-NOTRANSAX|Any CPU.ActiveCfg = Debug|Any CPU
		{B1DF26EA-464C-49A6-B8C2-C927BB16D45E}.Debug-NOTRANSAX|Any CPU.Build.0 = Debug|Any CPU
		{B1DF26EA-464C-49A6-B8C2-C927BB16D45E}.Release|Any CPU.ActiveCfg = Release|Any CPU
		{B1DF26EA-464C-49A6-B8C2-C927BB16D45E}.Release|Any CPU.Build.0 = Release|Any CPU
		{1A3D150F-66BE-4415-B49E-5CD2BFDC84CA}.Debug|Any CPU.ActiveCfg = Debug|Any CPU
		{1A3D150F-66BE-4415-B49E-5CD2BFDC84CA}.Debug|Any CPU.Build.0 = Debug|Any CPU
		{1A3D150F-66BE-4415-B49E-5CD2BFDC84CA}.Debug-NOTRANSAX|Any CPU.ActiveCfg = Debug|Any CPU
		{1A3D150F-66BE-4415-B49E-5CD2BFDC84CA}.Debug-NOTRANSAX|Any CPU.Build.0 = Debug|Any CPU
		{1A3D150F-66BE-4415-B49E-5CD2BFDC84CA}.Release|Any CPU.ActiveCfg = Release|Any CPU
		{1A3D150F-66BE-4415-B49E-5CD2BFDC84CA}.Release|Any CPU.Build.0 = Release|Any CPU
		{75E165FE-EB5E-4C08-9963-5DEC7847E4B2}.Debug|Any CPU.ActiveCfg = Debug|Any CPU
		{75E165FE-EB5E-4C08-9963-5DEC7847E4B2}.Debug|Any CPU.Build.0 = Debug|Any CPU
		{75E165FE-EB5E-4C08-9963-5DEC7847E4B2}.Debug-NOTRANSAX|Any CPU.ActiveCfg = Debug|Any CPU
		{75E165FE-EB5E-4C08-9963-5DEC7847E4B2}.Debug-NOTRANSAX|Any CPU.Build.0 = Debug|Any CPU
		{75E165FE-EB5E-4C08-9963-5DEC7847E4B2}.Release|Any CPU.ActiveCfg = Release|Any CPU
		{75E165FE-EB5E-4C08-9963-5DEC7847E4B2}.Release|Any CPU.Build.0 = Release|Any CPU
		{998B0658-A4E5-4793-9A45-A2F36F21442A}.Debug|Any CPU.ActiveCfg = Debug|Any CPU
		{998B0658-A4E5-4793-9A45-A2F36F21442A}.Debug|Any CPU.Build.0 = Debug|Any CPU
		{998B0658-A4E5-4793-9A45-A2F36F21442A}.Debug-NOTRANSAX|Any CPU.ActiveCfg = Debug|Any CPU
		{998B0658-A4E5-4793-9A45-A2F36F21442A}.Debug-NOTRANSAX|Any CPU.Build.0 = Debug|Any CPU
		{998B0658-A4E5-4793-9A45-A2F36F21442A}.Release|Any CPU.ActiveCfg = Release|Any CPU
		{998B0658-A4E5-4793-9A45-A2F36F21442A}.Release|Any CPU.Build.0 = Release|Any CPU
		{3769F329-2AA3-49F2-8D15-A6D9BD92622F}.Debug|Any CPU.ActiveCfg = Debug|Any CPU
		{3769F329-2AA3-49F2-8D15-A6D9BD92622F}.Debug|Any CPU.Build.0 = Debug|Any CPU
		{3769F329-2AA3-49F2-8D15-A6D9BD92622F}.Debug-NOTRANSAX|Any CPU.ActiveCfg = Debug|Any CPU
		{3769F329-2AA3-49F2-8D15-A6D9BD92622F}.Debug-NOTRANSAX|Any CPU.Build.0 = Debug|Any CPU
		{3769F329-2AA3-49F2-8D15-A6D9BD92622F}.Release|Any CPU.ActiveCfg = Release|Any CPU
		{3769F329-2AA3-49F2-8D15-A6D9BD92622F}.Release|Any CPU.Build.0 = Release|Any CPU
		{BDAFAAD2-7527-48E8-BB75-9BF638516E10}.Debug|Any CPU.ActiveCfg = Debug|Any CPU
		{BDAFAAD2-7527-48E8-BB75-9BF638516E10}.Debug|Any CPU.Build.0 = Debug|Any CPU
		{BDAFAAD2-7527-48E8-BB75-9BF638516E10}.Debug-NOTRANSAX|Any CPU.ActiveCfg = Debug-NOTRANSAX|Any CPU
		{BDAFAAD2-7527-48E8-BB75-9BF638516E10}.Debug-NOTRANSAX|Any CPU.Build.0 = Debug-NOTRANSAX|Any CPU
		{BDAFAAD2-7527-48E8-BB75-9BF638516E10}.Release|Any CPU.ActiveCfg = Release|Any CPU
		{BDAFAAD2-7527-48E8-BB75-9BF638516E10}.Release|Any CPU.Build.0 = Release|Any CPU
		{485F6640-D97A-4542-A567-82ADE5A3D004}.Debug|Any CPU.ActiveCfg = Debug|Any CPU
		{485F6640-D97A-4542-A567-82ADE5A3D004}.Debug|Any CPU.Build.0 = Debug|Any CPU
		{485F6640-D97A-4542-A567-82ADE5A3D004}.Debug-NOTRANSAX|Any CPU.ActiveCfg = Debug|Any CPU
		{485F6640-D97A-4542-A567-82ADE5A3D004}.Debug-NOTRANSAX|Any CPU.Build.0 = Debug|Any CPU
		{485F6640-D97A-4542-A567-82ADE5A3D004}.Release|Any CPU.ActiveCfg = Release|Any CPU
		{485F6640-D97A-4542-A567-82ADE5A3D004}.Release|Any CPU.Build.0 = Release|Any CPU
		{DE6B5AB3-C189-42B6-B72E-658162FD0C62}.Debug|Any CPU.ActiveCfg = Debug|Any CPU
		{DE6B5AB3-C189-42B6-B72E-658162FD0C62}.Debug|Any CPU.Build.0 = Debug|Any CPU
		{DE6B5AB3-C189-42B6-B72E-658162FD0C62}.Debug-NOTRANSAX|Any CPU.ActiveCfg = Debug|Any CPU
		{DE6B5AB3-C189-42B6-B72E-658162FD0C62}.Debug-NOTRANSAX|Any CPU.Build.0 = Debug|Any CPU
		{DE6B5AB3-C189-42B6-B72E-658162FD0C62}.Release|Any CPU.ActiveCfg = Release|Any CPU
		{DE6B5AB3-C189-42B6-B72E-658162FD0C62}.Release|Any CPU.Build.0 = Release|Any CPU
	EndGlobalSection
	GlobalSection(SolutionProperties) = preSolution
		HideSolutionNode = FALSE
	EndGlobalSection
	GlobalSection(NestedProjects) = preSolution
		{B6754380-D7AF-4C59-BDFD-06756CF5751A} = {B0B00EEB-1925-4080-A712-7343EAEECF63}
	EndGlobalSection
	GlobalSection(ExtensibilityGlobals) = postSolution
		SolutionGuid = {260A0A6C-089D-4E79-A1E0-7AA2A075962E}
	EndGlobalSection
EndGlobal
